
Microsoft Visual Studio Solution File, Format Version 12.00
# Visual Studio Version 16
VisualStudioVersion = 16.0.29709.97
MinimumVisualStudioVersion = 10.0.40219.1
Project("{9A19103F-16F7-4668-BE54-9A1E7A4F7556}") = "PharmaCure", "PharmaCure\PharmaCure.csproj", "{8D4F9279-1E0F-4BC6-9857-0B8BF7381823}"
EndProject
Project("{9A19103F-16F7-4668-BE54-9A1E7A4F7556}") = "PharmacyCL", "PharmacyCL\PharmacyCL.csproj", "{12F57608-B70C-4313-AB71-23C7D5D18E6E}"
EndProject
Project("{FAE04EC0-301F-11D3-BF4B-00C04F79EFBC}") = "PharmacyServices", "PharmacyServices\PharmacyServices.csproj", "{FEFB9E6B-5926-41DF-AD12-12A3816BC8F7}"
EndProject
Global
	GlobalSection(SolutionConfigurationPlatforms) = preSolution
		Debug|Any CPU = Debug|Any CPU
		Release|Any CPU = Release|Any CPU
	EndGlobalSection
	GlobalSection(ProjectConfigurationPlatforms) = postSolution
		{8D4F9279-1E0F-4BC6-9857-0B8BF7381823}.Debug|Any CPU.ActiveCfg = Debug|Any CPU
		{8D4F9279-1E0F-4BC6-9857-0B8BF7381823}.Debug|Any CPU.Build.0 = Debug|Any CPU
		{8D4F9279-1E0F-4BC6-9857-0B8BF7381823}.Release|Any CPU.ActiveCfg = Release|Any CPU
		{8D4F9279-1E0F-4BC6-9857-0B8BF7381823}.Release|Any CPU.Build.0 = Release|Any CPU
		{12F57608-B70C-4313-AB71-23C7D5D18E6E}.Debug|Any CPU.ActiveCfg = Debug|Any CPU
		{12F57608-B70C-4313-AB71-23C7D5D18E6E}.Debug|Any CPU.Build.0 = Debug|Any CPU
		{12F57608-B70C-4313-AB71-23C7D5D18E6E}.Release|Any CPU.ActiveCfg = Release|Any CPU
		{12F57608-B70C-4313-AB71-23C7D5D18E6E}.Release|Any CPU.Build.0 = Release|Any CPU
		{FEFB9E6B-5926-41DF-AD12-12A3816BC8F7}.Debug|Any CPU.ActiveCfg = Debug|Any CPU
		{FEFB9E6B-5926-41DF-AD12-12A3816BC8F7}.Debug|Any CPU.Build.0 = Debug|Any CPU
		{FEFB9E6B-5926-41DF-AD12-12A3816BC8F7}.Release|Any CPU.ActiveCfg = Release|Any CPU
		{FEFB9E6B-5926-41DF-AD12-12A3816BC8F7}.Release|Any CPU.Build.0 = Release|Any CPU
	EndGlobalSection
	GlobalSection(SolutionProperties) = preSolution
		HideSolutionNode = FALSE
	EndGlobalSection
	GlobalSection(ExtensibilityGlobals) = postSolution
		SolutionGuid = {C887CCA2-D634-49B9-86F3-0822CA2E6040}
	EndGlobalSection
EndGlobal
